{
  "name": "DownloadHelper",
  "version": "1.0.0",
  "lockfileVersion": 1,
  "requires": true,
  "dependencies": {
    "node-downloader-helper": {
      "version": "1.0.13",
      "resolved": "https://mirrors.huaweicloud.com/repository/npm/node-downloader-helper/-/node-downloader-helper-1.0.13.tgz",
      "integrity": "sha512-HdwSd8tnC06dIWLFBSTGHlcPKXo308815J4m/1e/NkSd6gmdDaO6KSf9JON5fXt3R5Vdw5bgQvSrgSq4GXjYvg=="
    }
  }
}
